// !$*UTF8*$!
{
	archiveVersion = 1;
	classes = {
	};
	objectVersion = 56;
	objects = {

/* Begin PBXBuildFile section */
		E305E7532A87239C00DD1419 /* main.swift in Sources */ = {isa = PBXBuildFile; fileRef = E305E7522A87239C00DD1419 /* main.swift */; };
		E3910EF12A8611BD001FB7CF /* main.swift in Sources */ = {isa = PBXBuildFile; fileRef = E3910EF02A8611BD001FB7CF /* main.swift */; };
		E3910F152A8619E8001FB7CF /* main.swift in Sources */ = {isa = PBXBuildFile; fileRef = E3910F142A8619E8001FB7CF /* main.swift */; };
		E3910F212A861BD5001FB7CF /* main.swift in Sources */ = {isa = PBXBuildFile; fileRef = E3910F202A861BD5001FB7CF /* main.swift */; };
		E39A67FE2A871B6100825B01 /* main.swift in Sources */ = {isa = PBXBuildFile; fileRef = E39A67FD2A871B6100825B01 /* main.swift */; };
		E3C237A82A868C0900EA7543 /* main.swift in Sources */ = {isa = PBXBuildFile; fileRef = E3C2379F2A8688BB00EA7543 /* main.swift */; };
		E3C237B02A868DD000EA7543 /* main.swift in Sources */ = {isa = PBXBuildFile; fileRef = E3C237AF2A868DD000EA7543 /* main.swift */; };
		E3C237BB2A869D5D00EA7543 /* main.swift in Sources */ = {isa = PBXBuildFile; fileRef = E3C237BA2A869D5D00EA7543 /* main.swift */; };
/* End PBXBuildFile section */

/* Begin PBXCopyFilesBuildPhase section */
		E305E74E2A87239C00DD1419 /* CopyFiles */ = {
			isa = PBXCopyFilesBuildPhase;
			buildActionMask = 2147483647;
			dstPath = /usr/share/man/man1/;
			dstSubfolderSpec = 0;
			files = (
			);
			runOnlyForDeploymentPostprocessing = 1;
		};
		E3910EEB2A8611BD001FB7CF /* CopyFiles */ = {
			isa = PBXCopyFilesBuildPhase;
			buildActionMask = 2147483647;
			dstPath = /usr/share/man/man1/;
			dstSubfolderSpec = 0;
			files = (
			);
			runOnlyForDeploymentPostprocessing = 1;
		};
		E3910F102A8619E8001FB7CF /* CopyFiles */ = {
			isa = PBXCopyFilesBuildPhase;
			buildActionMask = 2147483647;
			dstPath = /usr/share/man/man1/;
			dstSubfolderSpec = 0;
			files = (
			);
			runOnlyForDeploymentPostprocessing = 1;
		};
		E3910F1C2A861BD5001FB7CF /* CopyFiles */ = {
			isa = PBXCopyFilesBuildPhase;
			buildActionMask = 2147483647;
			dstPath = /usr/share/man/man1/;
			dstSubfolderSpec = 0;
			files = (
			);
			runOnlyForDeploymentPostprocessing = 1;
		};
		E39A67F92A871B6100825B01 /* CopyFiles */ = {
			isa = PBXCopyFilesBuildPhase;
			buildActionMask = 2147483647;
			dstPath = /usr/share/man/man1/;
			dstSubfolderSpec = 0;
			files = (
			);
			runOnlyForDeploymentPostprocessing = 1;
		};
		E3C2379B2A8688BB00EA7543 /* CopyFiles */ = {
			isa = PBXCopyFilesBuildPhase;
			buildActionMask = 2147483647;
			dstPath = /usr/share/man/man1/;
			dstSubfolderSpec = 0;
			files = (
			);
			runOnlyForDeploymentPostprocessing = 1;
		};
		E3C237AB2A868DD000EA7543 /* CopyFiles */ = {
			isa = PBXCopyFilesBuildPhase;
			buildActionMask = 2147483647;
			dstPath = /usr/share/man/man1/;
			dstSubfolderSpec = 0;
			files = (
			);
			runOnlyForDeploymentPostprocessing = 1;
		};
		E3C237B62A869D5D00EA7543 /* CopyFiles */ = {
			isa = PBXCopyFilesBuildPhase;
			buildActionMask = 2147483647;
			dstPath = /usr/share/man/man1/;
			dstSubfolderSpec = 0;
			files = (
			);
			runOnlyForDeploymentPostprocessing = 1;
		};
/* End PBXCopyFilesBuildPhase section */

/* Begin PBXFileReference section */
		E305E7502A87239C00DD1419 /* 10926 */ = {isa = PBXFileReference; explicitFileType = "compiled.mach-o.executable"; includeInIndex = 0; path = 10926; sourceTree = BUILT_PRODUCTS_DIR; };
		E305E7522A87239C00DD1419 /* main.swift */ = {isa = PBXFileReference; lastKnownFileType = sourcecode.swift; path = main.swift; sourceTree = "<group>"; };
		E3910EED2A8611BD001FB7CF /* SwiftAlgorithm */ = {isa = PBXFileReference; explicitFileType = "compiled.mach-o.executable"; includeInIndex = 0; path = SwiftAlgorithm; sourceTree = BUILT_PRODUCTS_DIR; };
		E3910EF02A8611BD001FB7CF /* main.swift */ = {isa = PBXFileReference; lastKnownFileType = sourcecode.swift; path = main.swift; sourceTree = "<group>"; };
		E3910F122A8619E8001FB7CF /* 2557 */ = {isa = PBXFileReference; explicitFileType = "compiled.mach-o.executable"; includeInIndex = 0; path = 2557; sourceTree = BUILT_PRODUCTS_DIR; };
		E3910F142A8619E8001FB7CF /* main.swift */ = {isa = PBXFileReference; lastKnownFileType = sourcecode.swift; path = main.swift; sourceTree = "<group>"; };
		E3910F1E2A861BD5001FB7CF /* 1000 */ = {isa = PBXFileReference; explicitFileType = "compiled.mach-o.executable"; includeInIndex = 0; path = 1000; sourceTree = BUILT_PRODUCTS_DIR; };
		E3910F202A861BD5001FB7CF /* main.swift */ = {isa = PBXFileReference; lastKnownFileType = sourcecode.swift; path = main.swift; sourceTree = "<group>"; };
		E39A67FB2A871B6100825B01 /* 10869 */ = {isa = PBXFileReference; explicitFileType = "compiled.mach-o.executable"; includeInIndex = 0; path = 10869; sourceTree = BUILT_PRODUCTS_DIR; };
		E39A67FD2A871B6100825B01 /* main.swift */ = {isa = PBXFileReference; lastKnownFileType = sourcecode.swift; path = main.swift; sourceTree = "<group>"; };
		E3C2379D2A8688BB00EA7543 /* 1001 */ = {isa = PBXFileReference; explicitFileType = "compiled.mach-o.executable"; includeInIndex = 0; path = 1001; sourceTree = BUILT_PRODUCTS_DIR; };
		E3C2379F2A8688BB00EA7543 /* main.swift */ = {isa = PBXFileReference; lastKnownFileType = sourcecode.swift; path = main.swift; sourceTree = "<group>"; };
		E3C237AD2A868DD000EA7543 /* 10998 */ = {isa = PBXFileReference; explicitFileType = "compiled.mach-o.executable"; includeInIndex = 0; path = 10998; sourceTree = BUILT_PRODUCTS_DIR; };
		E3C237AF2A868DD000EA7543 /* main.swift */ = {isa = PBXFileReference; lastKnownFileType = sourcecode.swift; path = main.swift; sourceTree = "<group>"; };
		E3C237B82A869D5D00EA7543 /* 1008 */ = {isa = PBXFileReference; explicitFileType = "compiled.mach-o.executable"; includeInIndex = 0; path = 1008; sourceTree = BUILT_PRODUCTS_DIR; };
		E3C237BA2A869D5D00EA7543 /* main.swift */ = {isa = PBXFileReference; lastKnownFileType = sourcecode.swift; path = main.swift; sourceTree = "<group>"; };
/* End PBXFileReference section */

/* Begin PBXFrameworksBuildPhase section */
		E305E74D2A87239C00DD1419 /* Frameworks */ = {
			isa = PBXFrameworksBuildPhase;
			buildActionMask = 2147483647;
			files = (
			);
			runOnlyForDeploymentPostprocessing = 0;
		};
		E3910EEA2A8611BD001FB7CF /* Frameworks */ = {
			isa = PBXFrameworksBuildPhase;
			buildActionMask = 2147483647;
			files = (
			);
			runOnlyForDeploymentPostprocessing = 0;
		};
		E3910F0F2A8619E8001FB7CF /* Frameworks */ = {
			isa = PBXFrameworksBuildPhase;
			buildActionMask = 2147483647;
			files = (
			);
			runOnlyForDeploymentPostprocessing = 0;
		};
		E3910F1B2A861BD5001FB7CF /* Frameworks */ = {
			isa = PBXFrameworksBuildPhase;
			buildActionMask = 2147483647;
			files = (
			);
			runOnlyForDeploymentPostprocessing = 0;
		};
		E39A67F82A871B6100825B01 /* Frameworks */ = {
			isa = PBXFrameworksBuildPhase;
			buildActionMask = 2147483647;
			files = (
			);
			runOnlyForDeploymentPostprocessing = 0;
		};
		E3C2379A2A8688BB00EA7543 /* Frameworks */ = {
			isa = PBXFrameworksBuildPhase;
			buildActionMask = 2147483647;
			files = (
			);
			runOnlyForDeploymentPostprocessing = 0;
		};
		E3C237AA2A868DD000EA7543 /* Frameworks */ = {
			isa = PBXFrameworksBuildPhase;
			buildActionMask = 2147483647;
			files = (
			);
			runOnlyForDeploymentPostprocessing = 0;
		};
		E3C237B52A869D5D00EA7543 /* Frameworks */ = {
			isa = PBXFrameworksBuildPhase;
			buildActionMask = 2147483647;
			files = (
			);
			runOnlyForDeploymentPostprocessing = 0;
		};
/* End PBXFrameworksBuildPhase section */

/* Begin PBXGroup section */
		E305E7512A87239C00DD1419 /* 10926 */ = {
			isa = PBXGroup;
			children = (
				E305E7522A87239C00DD1419 /* main.swift */,
			);
			path = 10926;
			sourceTree = "<group>";
		};
		E3910EE42A8611BD001FB7CF = {
			isa = PBXGroup;
			children = (
				E3910F192A8619FB001FB7CF /* BOJ */,
				E3910EEF2A8611BD001FB7CF /* SwiftAlgorithm */,
				E305E7512A87239C00DD1419 /* 10926 */,
				E3910EEE2A8611BD001FB7CF /* Products */,
			);
			sourceTree = "<group>";
		};
		E3910EEE2A8611BD001FB7CF /* Products */ = {
			isa = PBXGroup;
			children = (
				E3910EED2A8611BD001FB7CF /* SwiftAlgorithm */,
				E3910F122A8619E8001FB7CF /* 2557 */,
				E3910F1E2A861BD5001FB7CF /* 1000 */,
				E3C2379D2A8688BB00EA7543 /* 1001 */,
				E3C237AD2A868DD000EA7543 /* 10998 */,
				E3C237B82A869D5D00EA7543 /* 1008 */,
				E39A67FB2A871B6100825B01 /* 10869 */,
				E305E7502A87239C00DD1419 /* 10926 */,
			);
			name = Products;
			sourceTree = "<group>";
		};
		E3910EEF2A8611BD001FB7CF /* SwiftAlgorithm */ = {
			isa = PBXGroup;
			children = (
				E3910EF02A8611BD001FB7CF /* main.swift */,
			);
			path = SwiftAlgorithm;
			sourceTree = "<group>";
		};
		E3910F132A8619E8001FB7CF /* 2557 */ = {
			isa = PBXGroup;
			children = (
				E3910F142A8619E8001FB7CF /* main.swift */,
			);
			path = 2557;
			sourceTree = "<group>";
		};
		E3910F192A8619FB001FB7CF /* BOJ */ = {
			isa = PBXGroup;
			children = (
				E39A67FC2A871B6100825B01 /* 10869 */,
				E3C237B92A869D5D00EA7543 /* 1008 */,
				E3C237AE2A868DD000EA7543 /* 10998 */,
				E3C2379E2A8688BB00EA7543 /* 1001 */,
				E3910F1F2A861BD5001FB7CF /* 1000 */,
				E3910F132A8619E8001FB7CF /* 2557 */,
			);
			path = BOJ;
			sourceTree = "<group>";
		};
		E3910F1F2A861BD5001FB7CF /* 1000 */ = {
			isa = PBXGroup;
			children = (
				E3910F202A861BD5001FB7CF /* main.swift */,
			);
			path = 1000;
			sourceTree = "<group>";
		};
		E39A67FC2A871B6100825B01 /* 10869 */ = {
			isa = PBXGroup;
			children = (
				E39A67FD2A871B6100825B01 /* main.swift */,
			);
			path = 10869;
			sourceTree = "<group>";
		};
		E3C2379E2A8688BB00EA7543 /* 1001 */ = {
			isa = PBXGroup;
			children = (
				E3C2379F2A8688BB00EA7543 /* main.swift */,
			);
			path = 1001;
			sourceTree = "<group>";
		};
		E3C237AE2A868DD000EA7543 /* 10998 */ = {
			isa = PBXGroup;
			children = (
				E3C237AF2A868DD000EA7543 /* main.swift */,
			);
			path = 10998;
			sourceTree = "<group>";
		};
		E3C237B92A869D5D00EA7543 /* 1008 */ = {
			isa = PBXGroup;
			children = (
				E3C237BA2A869D5D00EA7543 /* main.swift */,
			);
			path = 1008;
			sourceTree = "<group>";
		};
/* End PBXGroup section */

/* Begin PBXNativeTarget section */
		E305E74F2A87239C00DD1419 /* 10926 */ = {
			isa = PBXNativeTarget;
			buildConfigurationList = E305E7562A87239C00DD1419 /* Build configuration list for PBXNativeTarget "10926" */;
			buildPhases = (
				E305E74C2A87239C00DD1419 /* Sources */,
				E305E74D2A87239C00DD1419 /* Frameworks */,
				E305E74E2A87239C00DD1419 /* CopyFiles */,
			);
			buildRules = (
			);
			dependencies = (
			);
			name = 10926;
			productName = 10926;
			productReference = E305E7502A87239C00DD1419 /* 10926 */;
			productType = "com.apple.product-type.tool";
		};
		E3910EEC2A8611BD001FB7CF /* SwiftAlgorithm */ = {
			isa = PBXNativeTarget;
			buildConfigurationList = E3910EF42A8611BD001FB7CF /* Build configuration list for PBXNativeTarget "SwiftAlgorithm" */;
			buildPhases = (
				E3910EE92A8611BD001FB7CF /* Sources */,
				E3910EEA2A8611BD001FB7CF /* Frameworks */,
				E3910EEB2A8611BD001FB7CF /* CopyFiles */,
			);
			buildRules = (
			);
			dependencies = (
			);
			name = SwiftAlgorithm;
			productName = SwiftAlgorithm;
			productReference = E3910EED2A8611BD001FB7CF /* SwiftAlgorithm */;
			productType = "com.apple.product-type.tool";
		};
		E3910F112A8619E8001FB7CF /* 2557 */ = {
			isa = PBXNativeTarget;
			buildConfigurationList = E3910F162A8619E8001FB7CF /* Build configuration list for PBXNativeTarget "2557" */;
			buildPhases = (
				E3910F0E2A8619E8001FB7CF /* Sources */,
				E3910F0F2A8619E8001FB7CF /* Frameworks */,
				E3910F102A8619E8001FB7CF /* CopyFiles */,
			);
			buildRules = (
			);
			dependencies = (
			);
			name = 2557;
			productName = 2557;
			productReference = E3910F122A8619E8001FB7CF /* 2557 */;
			productType = "com.apple.product-type.tool";
		};
		E3910F1D2A861BD5001FB7CF /* 1000 */ = {
			isa = PBXNativeTarget;
			buildConfigurationList = E3910F222A861BD5001FB7CF /* Build configuration list for PBXNativeTarget "1000" */;
			buildPhases = (
				E3910F1A2A861BD5001FB7CF /* Sources */,
				E3910F1B2A861BD5001FB7CF /* Frameworks */,
				E3910F1C2A861BD5001FB7CF /* CopyFiles */,
			);
			buildRules = (
			);
			dependencies = (
			);
			name = 1000;
			productName = 1000;
			productReference = E3910F1E2A861BD5001FB7CF /* 1000 */;
			productType = "com.apple.product-type.tool";
		};
		E39A67FA2A871B6100825B01 /* 10869 */ = {
			isa = PBXNativeTarget;
			buildConfigurationList = E39A68012A871B6100825B01 /* Build configuration list for PBXNativeTarget "10869" */;
			buildPhases = (
				E39A67F72A871B6100825B01 /* Sources */,
				E39A67F82A871B6100825B01 /* Frameworks */,
				E39A67F92A871B6100825B01 /* CopyFiles */,
			);
			buildRules = (
			);
			dependencies = (
			);
			name = 10869;
			productName = 10869;
			productReference = E39A67FB2A871B6100825B01 /* 10869 */;
			productType = "com.apple.product-type.tool";
		};
		E3C2379C2A8688BB00EA7543 /* 1001 */ = {
			isa = PBXNativeTarget;
			buildConfigurationList = E3C237A32A8688BB00EA7543 /* Build configuration list for PBXNativeTarget "1001" */;
			buildPhases = (
				E3C237992A8688BB00EA7543 /* Sources */,
				E3C2379A2A8688BB00EA7543 /* Frameworks */,
				E3C2379B2A8688BB00EA7543 /* CopyFiles */,
			);
			buildRules = (
			);
			dependencies = (
			);
			name = 1001;
			productName = 1001;
			productReference = E3C2379D2A8688BB00EA7543 /* 1001 */;
			productType = "com.apple.product-type.tool";
		};
		E3C237AC2A868DD000EA7543 /* 10998 */ = {
			isa = PBXNativeTarget;
			buildConfigurationList = E3C237B12A868DD000EA7543 /* Build configuration list for PBXNativeTarget "10998" */;
			buildPhases = (
				E3C237A92A868DD000EA7543 /* Sources */,
				E3C237AA2A868DD000EA7543 /* Frameworks */,
				E3C237AB2A868DD000EA7543 /* CopyFiles */,
			);
			buildRules = (
			);
			dependencies = (
			);
			name = 10998;
			productName = 10998;
			productReference = E3C237AD2A868DD000EA7543 /* 10998 */;
			productType = "com.apple.product-type.tool";
		};
		E3C237B72A869D5D00EA7543 /* 1008 */ = {
			isa = PBXNativeTarget;
			buildConfigurationList = E3C237BC2A869D5D00EA7543 /* Build configuration list for PBXNativeTarget "1008" */;
			buildPhases = (
				E3C237B42A869D5D00EA7543 /* Sources */,
				E3C237B52A869D5D00EA7543 /* Frameworks */,
				E3C237B62A869D5D00EA7543 /* CopyFiles */,
			);
			buildRules = (
			);
			dependencies = (
			);
			name = 1008;
			productName = 1008;
			productReference = E3C237B82A869D5D00EA7543 /* 1008 */;
			productType = "com.apple.product-type.tool";
		};
/* End PBXNativeTarget section */

/* Begin PBXProject section */
		E3910EE52A8611BD001FB7CF /* Project object */ = {
			isa = PBXProject;
			attributes = {
				BuildIndependentTargetsInParallel = 1;
				LastSwiftUpdateCheck = 1430;
				LastUpgradeCheck = 1430;
				TargetAttributes = {
					E305E74F2A87239C00DD1419 = {
						CreatedOnToolsVersion = 14.3.1;
					};
					E3910EEC2A8611BD001FB7CF = {
						CreatedOnToolsVersion = 14.3.1;
					};
					E3910F112A8619E8001FB7CF = {
						CreatedOnToolsVersion = 14.3.1;
					};
					E3910F1D2A861BD5001FB7CF = {
						CreatedOnToolsVersion = 14.3.1;
					};
					E39A67FA2A871B6100825B01 = {
						CreatedOnToolsVersion = 14.3.1;
					};
					E3C2379C2A8688BB00EA7543 = {
						CreatedOnToolsVersion = 14.3.1;
					};
					E3C237AC2A868DD000EA7543 = {
						CreatedOnToolsVersion = 14.3.1;
					};
					E3C237B72A869D5D00EA7543 = {
						CreatedOnToolsVersion = 14.3.1;
					};
				};
			};
			buildConfigurationList = E3910EE82A8611BD001FB7CF /* Build configuration list for PBXProject "SwiftAlgorithm" */;
			compatibilityVersion = "Xcode 14.0";
			developmentRegion = en;
			hasScannedForEncodings = 0;
			knownRegions = (
				en,
				Base,
			);
			mainGroup = E3910EE42A8611BD001FB7CF;
			productRefGroup = E3910EEE2A8611BD001FB7CF /* Products */;
			projectDirPath = "";
			projectRoot = "";
			targets = (
				E3910EEC2A8611BD001FB7CF /* SwiftAlgorithm */,
				E3910F112A8619E8001FB7CF /* 2557 */,
				E3910F1D2A861BD5001FB7CF /* 1000 */,
				E3C2379C2A8688BB00EA7543 /* 1001 */,
				E3C237AC2A868DD000EA7543 /* 10998 */,
				E3C237B72A869D5D00EA7543 /* 1008 */,
				E39A67FA2A871B6100825B01 /* 10869 */,
				E305E74F2A87239C00DD1419 /* 10926 */,
			);
		};
/* End PBXProject section */

/* Begin PBXSourcesBuildPhase section */
		E305E74C2A87239C00DD1419 /* Sources */ = {
			isa = PBXSourcesBuildPhase;
			buildActionMask = 2147483647;
			files = (
				E305E7532A87239C00DD1419 /* main.swift in Sources */,
			);
			runOnlyForDeploymentPostprocessing = 0;
		};
		E3910EE92A8611BD001FB7CF /* Sources */ = {
			isa = PBXSourcesBuildPhase;
			buildActionMask = 2147483647;
			files = (
				E3910EF12A8611BD001FB7CF /* main.swift in Sources */,
			);
			runOnlyForDeploymentPostprocessing = 0;
		};
		E3910F0E2A8619E8001FB7CF /* Sources */ = {
			isa = PBXSourcesBuildPhase;
			buildActionMask = 2147483647;
			files = (
				E3910F152A8619E8001FB7CF /* main.swift in Sources */,
			);
			runOnlyForDeploymentPostprocessing = 0;
		};
		E3910F1A2A861BD5001FB7CF /* Sources */ = {
			isa = PBXSourcesBuildPhase;
			buildActionMask = 2147483647;
			files = (
				E3910F212A861BD5001FB7CF /* main.swift in Sources */,
			);
			runOnlyForDeploymentPostprocessing = 0;
		};
		E39A67F72A871B6100825B01 /* Sources */ = {
			isa = PBXSourcesBuildPhase;
			buildActionMask = 2147483647;
			files = (
				E39A67FE2A871B6100825B01 /* main.swift in Sources */,
			);
			runOnlyForDeploymentPostprocessing = 0;
		};
		E3C237992A8688BB00EA7543 /* Sources */ = {
			isa = PBXSourcesBuildPhase;
			buildActionMask = 2147483647;
			files = (
				E3C237A82A868C0900EA7543 /* main.swift in Sources */,
			);
			runOnlyForDeploymentPostprocessing = 0;
		};
		E3C237A92A868DD000EA7543 /* Sources */ = {
			isa = PBXSourcesBuildPhase;
			buildActionMask = 2147483647;
			files = (
				E3C237B02A868DD000EA7543 /* main.swift in Sources */,
			);
			runOnlyForDeploymentPostprocessing = 0;
		};
		E3C237B42A869D5D00EA7543 /* Sources */ = {
			isa = PBXSourcesBuildPhase;
			buildActionMask = 2147483647;
			files = (
				E3C237BB2A869D5D00EA7543 /* main.swift in Sources */,
			);
			runOnlyForDeploymentPostprocessing = 0;
		};
/* End PBXSourcesBuildPhase section */

/* Begin XCBuildConfiguration section */
		E305E7542A87239C00DD1419 /* Debug */ = {
			isa = XCBuildConfiguration;
			buildSettings = {
				CODE_SIGN_STYLE = Automatic;
				PRODUCT_NAME = "$(TARGET_NAME)";
				SWIFT_VERSION = 5.0;
			};
			name = Debug;
		};
		E305E7552A87239C00DD1419 /* Release */ = {
			isa = XCBuildConfiguration;
			buildSettings = {
				CODE_SIGN_STYLE = Automatic;
				PRODUCT_NAME = "$(TARGET_NAME)";
				SWIFT_VERSION = 5.0;
			};
			name = Release;
		};
		E3910EF22A8611BD001FB7CF /* Debug */ = {
			isa = XCBuildConfiguration;
			buildSettings = {
				ALWAYS_SEARCH_USER_PATHS = NO;
				CLANG_ANALYZER_NONNULL = YES;
				CLANG_ANALYZER_NUMBER_OBJECT_CONVERSION = YES_AGGRESSIVE;
				CLANG_CXX_LANGUAGE_STANDARD = "gnu++20";
				CLANG_ENABLE_MODULES = YES;
				CLANG_ENABLE_OBJC_ARC = YES;
				CLANG_ENABLE_OBJC_WEAK = YES;
				CLANG_WARN_BLOCK_CAPTURE_AUTORELEASING = YES;
				CLANG_WARN_BOOL_CONVERSION = YES;
				CLANG_WARN_COMMA = YES;
				CLANG_WARN_CONSTANT_CONVERSION = YES;
				CLANG_WARN_DEPRECATED_OBJC_IMPLEMENTATIONS = YES;
				CLANG_WARN_DIRECT_OBJC_ISA_USAGE = YES_ERROR;
				CLANG_WARN_DOCUMENTATION_COMMENTS = YES;
				CLANG_WARN_EMPTY_BODY = YES;
				CLANG_WARN_ENUM_CONVERSION = YES;
				CLANG_WARN_INFINITE_RECURSION = YES;
				CLANG_WARN_INT_CONVERSION = YES;
				CLANG_WARN_NON_LITERAL_NULL_CONVERSION = YES;
				CLANG_WARN_OBJC_IMPLICIT_RETAIN_SELF = YES;
				CLANG_WARN_OBJC_LITERAL_CONVERSION = YES;
				CLANG_WARN_OBJC_ROOT_CLASS = YES_ERROR;
				CLANG_WARN_QUOTED_INCLUDE_IN_FRAMEWORK_HEADER = YES;
				CLANG_WARN_RANGE_LOOP_ANALYSIS = YES;
				CLANG_WARN_STRICT_PROTOTYPES = YES;
				CLANG_WARN_SUSPICIOUS_MOVE = YES;
				CLANG_WARN_UNGUARDED_AVAILABILITY = YES_AGGRESSIVE;
				CLANG_WARN_UNREACHABLE_CODE = YES;
				CLANG_WARN__DUPLICATE_METHOD_MATCH = YES;
				COPY_PHASE_STRIP = NO;
				DEBUG_INFORMATION_FORMAT = dwarf;
				ENABLE_STRICT_OBJC_MSGSEND = YES;
				ENABLE_TESTABILITY = YES;
				GCC_C_LANGUAGE_STANDARD = gnu11;
				GCC_DYNAMIC_NO_PIC = NO;
				GCC_NO_COMMON_BLOCKS = YES;
				GCC_OPTIMIZATION_LEVEL = 0;
				GCC_PREPROCESSOR_DEFINITIONS = (
					"DEBUG=1",
					"$(inherited)",
				);
				GCC_WARN_64_TO_32_BIT_CONVERSION = YES;
				GCC_WARN_ABOUT_RETURN_TYPE = YES_ERROR;
				GCC_WARN_UNDECLARED_SELECTOR = YES;
				GCC_WARN_UNINITIALIZED_AUTOS = YES_AGGRESSIVE;
				GCC_WARN_UNUSED_FUNCTION = YES;
				GCC_WARN_UNUSED_VARIABLE = YES;
				MACOSX_DEPLOYMENT_TARGET = 13.3;
				MTL_ENABLE_DEBUG_INFO = INCLUDE_SOURCE;
				MTL_FAST_MATH = YES;
				ONLY_ACTIVE_ARCH = YES;
				SDKROOT = macosx;
				SWIFT_ACTIVE_COMPILATION_CONDITIONS = DEBUG;
				SWIFT_OPTIMIZATION_LEVEL = "-Onone";
			};
			name = Debug;
		};
		E3910EF32A8611BD001FB7CF /* Release */ = {
			isa = XCBuildConfiguration;
			buildSettings = {
				ALWAYS_SEARCH_USER_PATHS = NO;
				CLANG_ANALYZER_NONNULL = YES;
				CLANG_ANALYZER_NUMBER_OBJECT_CONVERSION = YES_AGGRESSIVE;
				CLANG_CXX_LANGUAGE_STANDARD = "gnu++20";
				CLANG_ENABLE_MODULES = YES;
				CLANG_ENABLE_OBJC_ARC = YES;
				CLANG_ENABLE_OBJC_WEAK = YES;
				CLANG_WARN_BLOCK_CAPTURE_AUTORELEASING = YES;
				CLANG_WARN_BOOL_CONVERSION = YES;
				CLANG_WARN_COMMA = YES;
				CLANG_WARN_CONSTANT_CONVERSION = YES;
				CLANG_WARN_DEPRECATED_OBJC_IMPLEMENTATIONS = YES;
				CLANG_WARN_DIRECT_OBJC_ISA_USAGE = YES_ERROR;
				CLANG_WARN_DOCUMENTATION_COMMENTS = YES;
				CLANG_WARN_EMPTY_BODY = YES;
				CLANG_WARN_ENUM_CONVERSION = YES;
				CLANG_WARN_INFINITE_RECURSION = YES;
				CLANG_WARN_INT_CONVERSION = YES;
				CLANG_WARN_NON_LITERAL_NULL_CONVERSION = YES;
				CLANG_WARN_OBJC_IMPLICIT_RETAIN_SELF = YES;
				CLANG_WARN_OBJC_LITERAL_CONVERSION = YES;
				CLANG_WARN_OBJC_ROOT_CLASS = YES_ERROR;
				CLANG_WARN_QUOTED_INCLUDE_IN_FRAMEWORK_HEADER = YES;
				CLANG_WARN_RANGE_LOOP_ANALYSIS = YES;
				CLANG_WARN_STRICT_PROTOTYPES = YES;
				CLANG_WARN_SUSPICIOUS_MOVE = YES;
				CLANG_WARN_UNGUARDED_AVAILABILITY = YES_AGGRESSIVE;
				CLANG_WARN_UNREACHABLE_CODE = YES;
				CLANG_WARN__DUPLICATE_METHOD_MATCH = YES;
				COPY_PHASE_STRIP = NO;
				DEBUG_INFORMATION_FORMAT = "dwarf-with-dsym";
				ENABLE_NS_ASSERTIONS = NO;
				ENABLE_STRICT_OBJC_MSGSEND = YES;
				GCC_C_LANGUAGE_STANDARD = gnu11;
				GCC_NO_COMMON_BLOCKS = YES;
				GCC_WARN_64_TO_32_BIT_CONVERSION = YES;
				GCC_WARN_ABOUT_RETURN_TYPE = YES_ERROR;
				GCC_WARN_UNDECLARED_SELECTOR = YES;
				GCC_WARN_UNINITIALIZED_AUTOS = YES_AGGRESSIVE;
				GCC_WARN_UNUSED_FUNCTION = YES;
				GCC_WARN_UNUSED_VARIABLE = YES;
				MACOSX_DEPLOYMENT_TARGET = 13.3;
				MTL_ENABLE_DEBUG_INFO = NO;
				MTL_FAST_MATH = YES;
				SDKROOT = macosx;
				SWIFT_COMPILATION_MODE = wholemodule;
				SWIFT_OPTIMIZATION_LEVEL = "-O";
			};
			name = Release;
		};
		E3910EF52A8611BD001FB7CF /* Debug */ = {
			isa = XCBuildConfiguration;
			buildSettings = {
				CODE_SIGN_STYLE = Automatic;
				PRODUCT_NAME = "$(TARGET_NAME)";
				SWIFT_VERSION = 5.0;
			};
			name = Debug;
		};
		E3910EF62A8611BD001FB7CF /* Release */ = {
			isa = XCBuildConfiguration;
			buildSettings = {
				CODE_SIGN_STYLE = Automatic;
				PRODUCT_NAME = "$(TARGET_NAME)";
				SWIFT_VERSION = 5.0;
			};
			name = Release;
		};
		E3910F172A8619E8001FB7CF /* Debug */ = {
			isa = XCBuildConfiguration;
			buildSettings = {
				CODE_SIGN_STYLE = Automatic;
				PRODUCT_NAME = "$(TARGET_NAME)";
				SWIFT_VERSION = 5.0;
			};
			name = Debug;
		};
		E3910F182A8619E8001FB7CF /* Release */ = {
			isa = XCBuildConfiguration;
			buildSettings = {
				CODE_SIGN_STYLE = Automatic;
				PRODUCT_NAME = "$(TARGET_NAME)";
				SWIFT_VERSION = 5.0;
			};
			name = Release;
		};
		E3910F232A861BD5001FB7CF /* Debug */ = {
			isa = XCBuildConfiguration;
			buildSettings = {
				CODE_SIGN_STYLE = Automatic;
				PRODUCT_NAME = "$(TARGET_NAME)";
				SWIFT_VERSION = 5.0;
			};
			name = Debug;
		};
		E3910F242A861BD5001FB7CF /* Release */ = {
			isa = XCBuildConfiguration;
			buildSettings = {
				CODE_SIGN_STYLE = Automatic;
				PRODUCT_NAME = "$(TARGET_NAME)";
				SWIFT_VERSION = 5.0;
			};
			name = Release;
		};
		E39A67FF2A871B6100825B01 /* Debug */ = {
			isa = XCBuildConfiguration;
			buildSettings = {
				CODE_SIGN_STYLE = Automatic;
				PRODUCT_NAME = "$(TARGET_NAME)";
				SWIFT_VERSION = 5.0;
			};
			name = Debug;
		};
		E39A68002A871B6100825B01 /* Release */ = {
			isa = XCBuildConfiguration;
			buildSettings = {
				CODE_SIGN_STYLE = Automatic;
				PRODUCT_NAME = "$(TARGET_NAME)";
				SWIFT_VERSION = 5.0;
			};
			name = Release;
		};
		E3C237A12A8688BB00EA7543 /* Debug */ = {
			isa = XCBuildConfiguration;
			buildSettings = {
				CODE_SIGN_STYLE = Automatic;
				PRODUCT_NAME = "$(TARGET_NAME)";
				SWIFT_VERSION = 5.0;
			};
			name = Debug;
		};
		E3C237A22A8688BB00EA7543 /* Release */ = {
			isa = XCBuildConfiguration;
			buildSettings = {
				CODE_SIGN_STYLE = Automatic;
				PRODUCT_NAME = "$(TARGET_NAME)";
				SWIFT_VERSION = 5.0;
			};
			name = Release;
		};
		E3C237B22A868DD000EA7543 /* Debug */ = {
			isa = XCBuildConfiguration;
			buildSettings = {
				CODE_SIGN_STYLE = Automatic;
				PRODUCT_NAME = "$(TARGET_NAME)";
				SWIFT_VERSION = 5.0;
			};
			name = Debug;
		};
		E3C237B32A868DD000EA7543 /* Release */ = {
			isa = XCBuildConfiguration;
			buildSettings = {
				CODE_SIGN_STYLE = Automatic;
				PRODUCT_NAME = "$(TARGET_NAME)";
				SWIFT_VERSION = 5.0;
			};
			name = Release;
		};
		E3C237BD2A869D5D00EA7543 /* Debug */ = {
			isa = XCBuildConfiguration;
			buildSettings = {
				CODE_SIGN_STYLE = Automatic;
				PRODUCT_NAME = "$(TARGET_NAME)";
				SWIFT_VERSION = 5.0;
			};
			name = Debug;
		};
		E3C237BE2A869D5D00EA7543 /* Release */ = {
			isa = XCBuildConfiguration;
			buildSettings = {
				CODE_SIGN_STYLE = Automatic;
				PRODUCT_NAME = "$(TARGET_NAME)";
				SWIFT_VERSION = 5.0;
			};
			name = Release;
		};
/* End XCBuildConfiguration section */

/* Begin XCConfigurationList section */
		E305E7562A87239C00DD1419 /* Build configuration list for PBXNativeTarget "10926" */ = {
			isa = XCConfigurationList;
			buildConfigurations = (
				E305E7542A87239C00DD1419 /* Debug */,
				E305E7552A87239C00DD1419 /* Release */,
			);
			defaultConfigurationIsVisible = 0;
			defaultConfigurationName = Release;
		};
		E3910EE82A8611BD001FB7CF /* Build configuration list for PBXProject "SwiftAlgorithm" */ = {
			isa = XCConfigurationList;
			buildConfigurations = (
				E3910EF22A8611BD001FB7CF /* Debug */,
				E3910EF32A8611BD001FB7CF /* Release */,
			);
			defaultConfigurationIsVisible = 0;
			defaultConfigurationName = Release;
		};
		E3910EF42A8611BD001FB7CF /* Build configuration list for PBXNativeTarget "SwiftAlgorithm" */ = {
			isa = XCConfigurationList;
			buildConfigurations = (
				E3910EF52A8611BD001FB7CF /* Debug */,
				E3910EF62A8611BD001FB7CF /* Release */,
			);
			defaultConfigurationIsVisible = 0;
			defaultConfigurationName = Release;
		};
		E3910F162A8619E8001FB7CF /* Build configuration list for PBXNativeTarget "2557" */ = {
			isa = XCConfigurationList;
			buildConfigurations = (
				E3910F172A8619E8001FB7CF /* Debug */,
				E3910F182A8619E8001FB7CF /* Release */,
			);
			defaultConfigurationIsVisible = 0;
			defaultConfigurationName = Release;
		};
		E3910F222A861BD5001FB7CF /* Build configuration list for PBXNativeTarget "1000" */ = {
			isa = XCConfigurationList;
			buildConfigurations = (
				E3910F232A861BD5001FB7CF /* Debug */,
				E3910F242A861BD5001FB7CF /* Release */,
			);
			defaultConfigurationIsVisible = 0;
			defaultConfigurationName = Release;
		};
		E39A68012A871B6100825B01 /* Build configuration list for PBXNativeTarget "10869" */ = {
			isa = XCConfigurationList;
			buildConfigurations = (
				E39A67FF2A871B6100825B01 /* Debug */,
				E39A68002A871B6100825B01 /* Release */,
			);
			defaultConfigurationIsVisible = 0;
			defaultConfigurationName = Release;
		};
		E3C237A32A8688BB00EA7543 /* Build configuration list for PBXNativeTarget "1001" */ = {
			isa = XCConfigurationList;
			buildConfigurations = (
				E3C237A12A8688BB00EA7543 /* Debug */,
				E3C237A22A8688BB00EA7543 /* Release */,
			);
			defaultConfigurationIsVisible = 0;
			defaultConfigurationName = Release;
		};
		E3C237B12A868DD000EA7543 /* Build configuration list for PBXNativeTarget "10998" */ = {
			isa = XCConfigurationList;
			buildConfigurations = (
				E3C237B22A868DD000EA7543 /* Debug */,
				E3C237B32A868DD000EA7543 /* Release */,
			);
			defaultConfigurationIsVisible = 0;
			defaultConfigurationName = Release;
		};
		E3C237BC2A869D5D00EA7543 /* Build configuration list for PBXNativeTarget "1008" */ = {
			isa = XCConfigurationList;
			buildConfigurations = (
				E3C237BD2A869D5D00EA7543 /* Debug */,
				E3C237BE2A869D5D00EA7543 /* Release */,
			);
			defaultConfigurationIsVisible = 0;
			defaultConfigurationName = Release;
		};
/* End XCConfigurationList section */
	};
	rootObject = E3910EE52A8611BD001FB7CF /* Project object */;
}
